// !$*UTF8*$!
{
	archiveVersion = 1;
	classes = {
	};
	objectVersion = 77;
	objects = {

/* Begin PBXBuildFile section */
		4225EBB12DEB4DD500CC9C6A /* LoginDomain in Frameworks */ = {isa = PBXBuildFile; productRef = 4225EBB02DEB4DD500CC9C6A /* LoginDomain */; };
		4225EC942DF3636500CC9C6A /* PaymentPresentation in Frameworks */ = {isa = PBXBuildFile; productRef = 4225EC932DF3636500CC9C6A /* PaymentPresentation */; };
		4243BB632DE1D4B500CA1504 /* Persistance in Frameworks */ = {isa = PBXBuildFile; productRef = 4243BB622DE1D4B500CA1504 /* Persistance */; };
		4243BB922DE7707900CA1504 /* LoginPresentation in Frameworks */ = {isa = PBXBuildFile; productRef = 4243BB912DE7707900CA1504 /* LoginPresentation */; };
		4253E5132E04850C0016EB8D /* Transaction in Frameworks */ = {isa = PBXBuildFile; productRef = 4253E5122E04850C0016EB8D /* Transaction */; };
		4278CA5B2DFB6180003C4010 /* SettingsPresentation in Frameworks */ = {isa = PBXBuildFile; productRef = 4278CA5A2DFB6180003C4010 /* SettingsPresentation */; };
		4278CA8C2DFC9FAA003C4010 /* SettingsDomain in Frameworks */ = {isa = PBXBuildFile; productRef = 4278CA8B2DFC9FAA003C4010 /* SettingsDomain */; };
		42A0D43D2DD6596200566812 /* NetworkClient in Frameworks */ = {isa = PBXBuildFile; productRef = 42A0D43C2DD6596200566812 /* NetworkClient */; };
		42A0D45B2DD7AA7100566812 /* DesignSystem in Frameworks */ = {isa = PBXBuildFile; productRef = 42A0D45A2DD7AA7100566812 /* DesignSystem */; };
		42A0D45D2DD7B66E00566812 /* UIComponents in Frameworks */ = {isa = PBXBuildFile; productRef = 42A0D45C2DD7B66E00566812 /* UIComponents */; };
		42B67F452E09C64700C98CB8 /* BiometricsAuth in Frameworks */ = {isa = PBXBuildFile; productRef = 42B67F442E09C64700C98CB8 /* BiometricsAuth */; };
		42B80B382DFD5BCA000A486E /* DashboardPresentation in Frameworks */ = {isa = PBXBuildFile; productRef = 42B80B372DFD5BCA000A486E /* DashboardPresentation */; };
		42BF1D072DF589170058C328 /* CredentialsValidator in Frameworks */ = {isa = PBXBuildFile; productRef = 42BF1D062DF589170058C328 /* CredentialsValidator */; };
		42BF1D382DF5C58B0058C328 /* TransactionHistoryPresentation in Frameworks */ = {isa = PBXBuildFile; productRef = 42BF1D372DF5C58B0058C328 /* TransactionHistoryPresentation */; };
		42E9D8812E0720390041514D /* AuthenticationPresentation in Frameworks */ = {isa = PBXBuildFile; productRef = 42E9D8802E0720390041514D /* AuthenticationPresentation */; };
/* End PBXBuildFile section */

/* Begin PBXFileReference section */
		421912F82E0484E500D82A6B /* Transaction */ = {isa = PBXFileReference; lastKnownFileType = wrapper; path = Transaction; sourceTree = "<group>"; };
		4225EBAF2DEB4D3A00CC9C6A /* LoginDomain */ = {isa = PBXFileReference; lastKnownFileType = wrapper; path = LoginDomain; sourceTree = "<group>"; };
		4225EC922DF34AC600CC9C6A /* PaymentPresentation */ = {isa = PBXFileReference; lastKnownFileType = wrapper; path = PaymentPresentation; sourceTree = "<group>"; };
		4239625E2DCFD85800F32002 /* Paynext.app */ = {isa = PBXFileReference; explicitFileType = wrapper.application; includeInIndex = 0; path = Paynext.app; sourceTree = BUILT_PRODUCTS_DIR; };
		4243BB582DE1CED900CA1504 /* Persistance */ = {isa = PBXFileReference; lastKnownFileType = wrapper; path = Persistance; sourceTree = "<group>"; };
		4243BB902DE7692000CA1504 /* LoginPresentation */ = {isa = PBXFileReference; lastKnownFileType = wrapper; path = LoginPresentation; sourceTree = "<group>"; };
		4278CA592DFB587E003C4010 /* SettingsPresentation */ = {isa = PBXFileReference; lastKnownFileType = wrapper; path = SettingsPresentation; sourceTree = "<group>"; };
		4278CA882DFC9E58003C4010 /* SettingsDomain */ = {isa = PBXFileReference; lastKnownFileType = wrapper; path = SettingsDomain; sourceTree = "<group>"; };
		42A0D43A2DD6581C00566812 /* NetworkClient */ = {isa = PBXFileReference; lastKnownFileType = wrapper; path = NetworkClient; sourceTree = "<group>"; };
		42A0D4592DD7AA4700566812 /* DesignSystem */ = {isa = PBXFileReference; lastKnownFileType = wrapper; path = DesignSystem; sourceTree = "<group>"; };
		42B67F432E09C5B400C98CB8 /* BiometricsAuth */ = {isa = PBXFileReference; lastKnownFileType = wrapper; path = BiometricsAuth; sourceTree = "<group>"; };
		42B80B362DFD5BB2000A486E /* DashboardPresentation */ = {isa = PBXFileReference; lastKnownFileType = wrapper; path = DashboardPresentation; sourceTree = "<group>"; };
		42BF1D052DF585890058C328 /* CredentialsValidator */ = {isa = PBXFileReference; lastKnownFileType = wrapper; path = CredentialsValidator; sourceTree = "<group>"; };
		42BF1D362DF5C5840058C328 /* TransactionHistoryPresentation */ = {isa = PBXFileReference; lastKnownFileType = wrapper; path = TransactionHistoryPresentation; sourceTree = "<group>"; };
		42E9D87F2E071D410041514D /* AuthenticationPresentation */ = {isa = PBXFileReference; lastKnownFileType = wrapper; path = AuthenticationPresentation; sourceTree = "<group>"; };
/* End PBXFileReference section */

/* Begin PBXFileSystemSynchronizedBuildFileExceptionSet section */
		4278BE0F2DE791FC001811CF /* Exceptions for "Paynext" folder in "Paynext" target */ = {
			isa = PBXFileSystemSynchronizedBuildFileExceptionSet;
			membershipExceptions = (
				Info.plist,
			);
			target = 4239625D2DCFD85800F32002 /* Paynext */;
		};
/* End PBXFileSystemSynchronizedBuildFileExceptionSet section */

/* Begin PBXFileSystemSynchronizedRootGroup section */
		423962602DCFD85800F32002 /* Paynext */ = {
			isa = PBXFileSystemSynchronizedRootGroup;
			exceptions = (
				4278BE0F2DE791FC001811CF /* Exceptions for "Paynext" folder in "Paynext" target */,
			);
			path = Paynext;
			sourceTree = "<group>";
		};
/* End PBXFileSystemSynchronizedRootGroup section */

/* Begin PBXFrameworksBuildPhase section */
		4239625B2DCFD85800F32002 /* Frameworks */ = {
			isa = PBXFrameworksBuildPhase;
			buildActionMask = 2147483647;
			files = (
				42BF1D072DF589170058C328 /* CredentialsValidator in Frameworks */,
				4253E5132E04850C0016EB8D /* Transaction in Frameworks */,
				4225EC942DF3636500CC9C6A /* PaymentPresentation in Frameworks */,
				4278CA8C2DFC9FAA003C4010 /* SettingsDomain in Frameworks */,
				4225EBB12DEB4DD500CC9C6A /* LoginDomain in Frameworks */,
				4243BB632DE1D4B500CA1504 /* Persistance in Frameworks */,
				42E9D8812E0720390041514D /* AuthenticationPresentation in Frameworks */,
				4243BB922DE7707900CA1504 /* LoginPresentation in Frameworks */,
				42B80B382DFD5BCA000A486E /* DashboardPresentation in Frameworks */,
				42B67F452E09C64700C98CB8 /* BiometricsAuth in Frameworks */,
				42A0D45D2DD7B66E00566812 /* UIComponents in Frameworks */,
				4278CA5B2DFB6180003C4010 /* SettingsPresentation in Frameworks */,
				42A0D43D2DD6596200566812 /* NetworkClient in Frameworks */,
				42BF1D382DF5C58B0058C328 /* TransactionHistoryPresentation in Frameworks */,
				42A0D45B2DD7AA7100566812 /* DesignSystem in Frameworks */,
			);
			runOnlyForDeploymentPostprocessing = 0;
		};
/* End PBXFrameworksBuildPhase section */

/* Begin PBXGroup section */
		4225EC912DF34A5D00CC9C6A /* Payment */ = {
			isa = PBXGroup;
			children = (
				4225EC922DF34AC600CC9C6A /* PaymentPresentation */,
			);
			path = Payment;
			sourceTree = "<group>";
		};
		423962552DCFD85800F32002 = {
			isa = PBXGroup;
			children = (
				42A0D4382DD657D300566812 /* Packages */,
				423962602DCFD85800F32002 /* Paynext */,
				42A0D43B2DD6596200566812 /* Frameworks */,
				4239625F2DCFD85800F32002 /* Products */,
			);
			sourceTree = "<group>";
		};
		4239625F2DCFD85800F32002 /* Products */ = {
			isa = PBXGroup;
			children = (
				4239625E2DCFD85800F32002 /* Paynext.app */,
			);
			name = Products;
			sourceTree = "<group>";
		};
		4243BB8E2DE768DB00CA1504 /* Features */ = {
			isa = PBXGroup;
			children = (
				42E9D87E2E071D050041514D /* Authentication */,
				42B80B352DFD5B80000A486E /* Dashboard */,
				4278CA582DFB5853003C4010 /* Settings */,
				42BF1D352DF5C55F0058C328 /* TransactionHistory */,
				4225EC912DF34A5D00CC9C6A /* Payment */,
				4243BB8F2DE768E800CA1504 /* Login */,
			);
			path = Features;
			sourceTree = "<group>";
		};
		4243BB8F2DE768E800CA1504 /* Login */ = {
			isa = PBXGroup;
			children = (
				4225EBAF2DEB4D3A00CC9C6A /* LoginDomain */,
				4243BB902DE7692000CA1504 /* LoginPresentation */,
			);
			path = Login;
			sourceTree = "<group>";
		};
		4278CA582DFB5853003C4010 /* Settings */ = {
			isa = PBXGroup;
			children = (
				4278CA882DFC9E58003C4010 /* SettingsDomain */,
				4278CA592DFB587E003C4010 /* SettingsPresentation */,
			);
			path = Settings;
			sourceTree = "<group>";
		};
		42A0D4382DD657D300566812 /* Packages */ = {
			isa = PBXGroup;
			children = (
				4243BB8E2DE768DB00CA1504 /* Features */,
				42A0D4392DD657DD00566812 /* Core */,
			);
			path = Packages;
			sourceTree = "<group>";
		};
		42A0D4392DD657DD00566812 /* Core */ = {
			isa = PBXGroup;
			children = (
				42B67F432E09C5B400C98CB8 /* BiometricsAuth */,
				421912F82E0484E500D82A6B /* Transaction */,
				42BF1D052DF585890058C328 /* CredentialsValidator */,
				4243BB582DE1CED900CA1504 /* Persistance */,
				42A0D4592DD7AA4700566812 /* DesignSystem */,
				42A0D43A2DD6581C00566812 /* NetworkClient */,
			);
			path = Core;
			sourceTree = "<group>";
		};
		42A0D43B2DD6596200566812 /* Frameworks */ = {
			isa = PBXGroup;
			children = (
			);
			name = Frameworks;
			sourceTree = "<group>";
		};
		42B80B352DFD5B80000A486E /* Dashboard */ = {
			isa = PBXGroup;
			children = (
				42B80B362DFD5BB2000A486E /* DashboardPresentation */,
			);
			path = Dashboard;
			sourceTree = "<group>";
		};
		42BF1D352DF5C55F0058C328 /* TransactionHistory */ = {
			isa = PBXGroup;
			children = (
				42BF1D362DF5C5840058C328 /* TransactionHistoryPresentation */,
			);
			path = TransactionHistory;
			sourceTree = "<group>";
		};
		42E9D87E2E071D050041514D /* Authentication */ = {
			isa = PBXGroup;
			children = (
				42E9D87F2E071D410041514D /* AuthenticationPresentation */,
			);
			path = Authentication;
			sourceTree = "<group>";
		};
/* End PBXGroup section */

/* Begin PBXNativeTarget section */
		4239625D2DCFD85800F32002 /* Paynext */ = {
			isa = PBXNativeTarget;
			buildConfigurationList = 4239626C2DCFD85900F32002 /* Build configuration list for PBXNativeTarget "Paynext" */;
			buildPhases = (
				4239625A2DCFD85800F32002 /* Sources */,
				4239625B2DCFD85800F32002 /* Frameworks */,
				4239625C2DCFD85800F32002 /* Resources */,
			);
			buildRules = (
			);
			dependencies = (
			);
			fileSystemSynchronizedGroups = (
				423962602DCFD85800F32002 /* Paynext */,
			);
			name = Paynext;
			packageProductDependencies = (
				42A0D43C2DD6596200566812 /* NetworkClient */,
				42A0D45A2DD7AA7100566812 /* DesignSystem */,
				42A0D45C2DD7B66E00566812 /* UIComponents */,
				4243BB622DE1D4B500CA1504 /* Persistance */,
				4243BB912DE7707900CA1504 /* LoginPresentation */,
				4225EBB02DEB4DD500CC9C6A /* LoginDomain */,
				4225EC932DF3636500CC9C6A /* PaymentPresentation */,
				42BF1D062DF589170058C328 /* CredentialsValidator */,
				42BF1D372DF5C58B0058C328 /* TransactionHistoryPresentation */,
				4278CA5A2DFB6180003C4010 /* SettingsPresentation */,
				4278CA8B2DFC9FAA003C4010 /* SettingsDomain */,
				42B80B372DFD5BCA000A486E /* DashboardPresentation */,
				4253E5122E04850C0016EB8D /* Transaction */,
				42E9D8802E0720390041514D /* AuthenticationPresentation */,
				42B67F442E09C64700C98CB8 /* BiometricsAuth */,
			);
			productName = Paynext;
			productReference = 4239625E2DCFD85800F32002 /* Paynext.app */;
			productType = "com.apple.product-type.application";
		};
/* End PBXNativeTarget section */

/* Begin PBXProject section */
		423962562DCFD85800F32002 /* Project object */ = {
			isa = PBXProject;
			attributes = {
				BuildIndependentTargetsInParallel = 1;
				LastSwiftUpdateCheck = 1620;
				LastUpgradeCheck = 1620;
				TargetAttributes = {
					4239625D2DCFD85800F32002 = {
						CreatedOnToolsVersion = 16.2;
					};
				};
			};
			buildConfigurationList = 423962592DCFD85800F32002 /* Build configuration list for PBXProject "Paynext" */;
			developmentRegion = en;
			hasScannedForEncodings = 0;
			knownRegions = (
				en,
				Base,
			);
			mainGroup = 423962552DCFD85800F32002;
			minimizedProjectReferenceProxies = 1;
			preferredProjectObjectVersion = 77;
			productRefGroup = 4239625F2DCFD85800F32002 /* Products */;
			projectDirPath = "";
			projectRoot = "";
			targets = (
				4239625D2DCFD85800F32002 /* Paynext */,
			);
		};
/* End PBXProject section */

/* Begin PBXResourcesBuildPhase section */
		4239625C2DCFD85800F32002 /* Resources */ = {
			isa = PBXResourcesBuildPhase;
			buildActionMask = 2147483647;
			files = (
			);
			runOnlyForDeploymentPostprocessing = 0;
		};
/* End PBXResourcesBuildPhase section */

/* Begin PBXSourcesBuildPhase section */
		4239625A2DCFD85800F32002 /* Sources */ = {
			isa = PBXSourcesBuildPhase;
			buildActionMask = 2147483647;
			files = (
			);
			runOnlyForDeploymentPostprocessing = 0;
		};
/* End PBXSourcesBuildPhase section */

/* Begin XCBuildConfiguration section */
		4239626A2DCFD85900F32002 /* Debug */ = {
			isa = XCBuildConfiguration;
			buildSettings = {
				ALWAYS_SEARCH_USER_PATHS = NO;
				ASSETCATALOG_COMPILER_GENERATE_SWIFT_ASSET_SYMBOL_EXTENSIONS = YES;
				CLANG_ANALYZER_NONNULL = YES;
				CLANG_ANALYZER_NUMBER_OBJECT_CONVERSION = YES_AGGRESSIVE;
				CLANG_CXX_LANGUAGE_STANDARD = "gnu++20";
				CLANG_ENABLE_MODULES = YES;
				CLANG_ENABLE_OBJC_ARC = YES;
				CLANG_ENABLE_OBJC_WEAK = YES;
				CLANG_WARN_BLOCK_CAPTURE_AUTORELEASING = YES;
				CLANG_WARN_BOOL_CONVERSION = YES;
				CLANG_WARN_COMMA = YES;
				CLANG_WARN_CONSTANT_CONVERSION = YES;
				CLANG_WARN_DEPRECATED_OBJC_IMPLEMENTATIONS = YES;
				CLANG_WARN_DIRECT_OBJC_ISA_USAGE = YES_ERROR;
				CLANG_WARN_DOCUMENTATION_COMMENTS = YES;
				CLANG_WARN_EMPTY_BODY = YES;
				CLANG_WARN_ENUM_CONVERSION = YES;
				CLANG_WARN_INFINITE_RECURSION = YES;
				CLANG_WARN_INT_CONVERSION = YES;
				CLANG_WARN_NON_LITERAL_NULL_CONVERSION = YES;
				CLANG_WARN_OBJC_IMPLICIT_RETAIN_SELF = YES;
				CLANG_WARN_OBJC_LITERAL_CONVERSION = YES;
				CLANG_WARN_OBJC_ROOT_CLASS = YES_ERROR;
				CLANG_WARN_QUOTED_INCLUDE_IN_FRAMEWORK_HEADER = YES;
				CLANG_WARN_RANGE_LOOP_ANALYSIS = YES;
				CLANG_WARN_STRICT_PROTOTYPES = YES;
				CLANG_WARN_SUSPICIOUS_MOVE = YES;
				CLANG_WARN_UNGUARDED_AVAILABILITY = YES_AGGRESSIVE;
				CLANG_WARN_UNREACHABLE_CODE = YES;
				CLANG_WARN__DUPLICATE_METHOD_MATCH = YES;
				COPY_PHASE_STRIP = NO;
				DEBUG_INFORMATION_FORMAT = dwarf;
				ENABLE_STRICT_OBJC_MSGSEND = YES;
				ENABLE_TESTABILITY = YES;
				ENABLE_USER_SCRIPT_SANDBOXING = YES;
				GCC_C_LANGUAGE_STANDARD = gnu17;
				GCC_DYNAMIC_NO_PIC = NO;
				GCC_NO_COMMON_BLOCKS = YES;
				GCC_OPTIMIZATION_LEVEL = 0;
				GCC_PREPROCESSOR_DEFINITIONS = (
					"DEBUG=1",
					"$(inherited)",
				);
				GCC_WARN_64_TO_32_BIT_CONVERSION = YES;
				GCC_WARN_ABOUT_RETURN_TYPE = YES_ERROR;
				GCC_WARN_UNDECLARED_SELECTOR = YES;
				GCC_WARN_UNINITIALIZED_AUTOS = YES_AGGRESSIVE;
				GCC_WARN_UNUSED_FUNCTION = YES;
				GCC_WARN_UNUSED_VARIABLE = YES;
				IPHONEOS_DEPLOYMENT_TARGET = 18.2;
				LOCALIZATION_PREFERS_STRING_CATALOGS = YES;
				MTL_ENABLE_DEBUG_INFO = INCLUDE_SOURCE;
				MTL_FAST_MATH = YES;
				ONLY_ACTIVE_ARCH = YES;
				SDKROOT = iphoneos;
				SWIFT_ACTIVE_COMPILATION_CONDITIONS = "DEBUG $(inherited)";
				SWIFT_OPTIMIZATION_LEVEL = "-Onone";
			};
			name = Debug;
		};
		4239626B2DCFD85900F32002 /* Release */ = {
			isa = XCBuildConfiguration;
			buildSettings = {
				ALWAYS_SEARCH_USER_PATHS = NO;
				ASSETCATALOG_COMPILER_GENERATE_SWIFT_ASSET_SYMBOL_EXTENSIONS = YES;
				CLANG_ANALYZER_NONNULL = YES;
				CLANG_ANALYZER_NUMBER_OBJECT_CONVERSION = YES_AGGRESSIVE;
				CLANG_CXX_LANGUAGE_STANDARD = "gnu++20";
				CLANG_ENABLE_MODULES = YES;
				CLANG_ENABLE_OBJC_ARC = YES;
				CLANG_ENABLE_OBJC_WEAK = YES;
				CLANG_WARN_BLOCK_CAPTURE_AUTORELEASING = YES;
				CLANG_WARN_BOOL_CONVERSION = YES;
				CLANG_WARN_COMMA = YES;
				CLANG_WARN_CONSTANT_CONVERSION = YES;
				CLANG_WARN_DEPRECATED_OBJC_IMPLEMENTATIONS = YES;
				CLANG_WARN_DIRECT_OBJC_ISA_USAGE = YES_ERROR;
				CLANG_WARN_DOCUMENTATION_COMMENTS = YES;
				CLANG_WARN_EMPTY_BODY = YES;
				CLANG_WARN_ENUM_CONVERSION = YES;
				CLANG_WARN_INFINITE_RECURSION = YES;
				CLANG_WARN_INT_CONVERSION = YES;
				CLANG_WARN_NON_LITERAL_NULL_CONVERSION = YES;
				CLANG_WARN_OBJC_IMPLICIT_RETAIN_SELF = YES;
				CLANG_WARN_OBJC_LITERAL_CONVERSION = YES;
				CLANG_WARN_OBJC_ROOT_CLASS = YES_ERROR;
				CLANG_WARN_QUOTED_INCLUDE_IN_FRAMEWORK_HEADER = YES;
				CLANG_WARN_RANGE_LOOP_ANALYSIS = YES;
				CLANG_WARN_STRICT_PROTOTYPES = YES;
				CLANG_WARN_SUSPICIOUS_MOVE = YES;
				CLANG_WARN_UNGUARDED_AVAILABILITY = YES_AGGRESSIVE;
				CLANG_WARN_UNREACHABLE_CODE = YES;
				CLANG_WARN__DUPLICATE_METHOD_MATCH = YES;
				COPY_PHASE_STRIP = NO;
				DEBUG_INFORMATION_FORMAT = "dwarf-with-dsym";
				ENABLE_NS_ASSERTIONS = NO;
				ENABLE_STRICT_OBJC_MSGSEND = YES;
				ENABLE_USER_SCRIPT_SANDBOXING = YES;
				GCC_C_LANGUAGE_STANDARD = gnu17;
				GCC_NO_COMMON_BLOCKS = YES;
				GCC_WARN_64_TO_32_BIT_CONVERSION = YES;
				GCC_WARN_ABOUT_RETURN_TYPE = YES_ERROR;
				GCC_WARN_UNDECLARED_SELECTOR = YES;
				GCC_WARN_UNINITIALIZED_AUTOS = YES_AGGRESSIVE;
				GCC_WARN_UNUSED_FUNCTION = YES;
				GCC_WARN_UNUSED_VARIABLE = YES;
				IPHONEOS_DEPLOYMENT_TARGET = 18.2;
				LOCALIZATION_PREFERS_STRING_CATALOGS = YES;
				MTL_ENABLE_DEBUG_INFO = NO;
				MTL_FAST_MATH = YES;
				SDKROOT = iphoneos;
				SWIFT_COMPILATION_MODE = wholemodule;
				VALIDATE_PRODUCT = YES;
			};
			name = Release;
		};
		4239626D2DCFD85900F32002 /* Debug */ = {
			isa = XCBuildConfiguration;
			buildSettings = {
				ASSETCATALOG_COMPILER_APPICON_NAME = AppIcon;
				ASSETCATALOG_COMPILER_GLOBAL_ACCENT_COLOR_NAME = AccentColor;
				CODE_SIGN_STYLE = Automatic;
				CURRENT_PROJECT_VERSION = 1;
				DEVELOPMENT_ASSET_PATHS = "\"Paynext/Preview Content\"";
				DEVELOPMENT_TEAM = GV4VF4D45P;
				ENABLE_PREVIEWS = YES;
				GENERATE_INFOPLIST_FILE = YES;
				INFOPLIST_FILE = Paynext/Info.plist;
				INFOPLIST_KEY_UIApplicationSceneManifest_Generation = YES;
				INFOPLIST_KEY_UIApplicationSupportsIndirectInputEvents = YES;
				INFOPLIST_KEY_UILaunchScreen_Generation = YES;
				INFOPLIST_KEY_UISupportedInterfaceOrientations = UIInterfaceOrientationPortrait;
				INFOPLIST_KEY_UISupportedInterfaceOrientations_iPad = "UIInterfaceOrientationPortrait UIInterfaceOrientationPortraitUpsideDown";
				IPHONEOS_DEPLOYMENT_TARGET = 17.6;
				LD_RUNPATH_SEARCH_PATHS = (
					"$(inherited)",
					"@executable_path/Frameworks",
				);
				MARKETING_VERSION = 1.0.0;
				PRODUCT_BUNDLE_IDENTIFIER = com.ZANOCI.Paynext;
				PRODUCT_NAME = "$(TARGET_NAME)";
				SUPPORTED_PLATFORMS = "iphoneos iphonesimulator";
				SUPPORTS_MACCATALYST = NO;
				SUPPORTS_MAC_DESIGNED_FOR_IPHONE_IPAD = NO;
				SUPPORTS_XR_DESIGNED_FOR_IPHONE_IPAD = NO;
				SWIFT_EMIT_LOC_STRINGS = YES;
				SWIFT_VERSION = 5.0;
				TARGETED_DEVICE_FAMILY = "1,2";
			};
			name = Debug;
		};
		4239626E2DCFD85900F32002 /* Release */ = {
			isa = XCBuildConfiguration;
			buildSettings = {
				ASSETCATALOG_COMPILER_APPICON_NAME = AppIcon;
				ASSETCATALOG_COMPILER_GLOBAL_ACCENT_COLOR_NAME = AccentColor;
				CODE_SIGN_STYLE = Automatic;
				CURRENT_PROJECT_VERSION = 1;
				DEVELOPMENT_ASSET_PATHS = "\"Paynext/Preview Content\"";
				DEVELOPMENT_TEAM = GV4VF4D45P;
				ENABLE_PREVIEWS = YES;
				GENERATE_INFOPLIST_FILE = YES;
				INFOPLIST_FILE = Paynext/Info.plist;
				INFOPLIST_KEY_UIApplicationSceneManifest_Generation = YES;
				INFOPLIST_KEY_UIApplicationSupportsIndirectInputEvents = YES;
				INFOPLIST_KEY_UILaunchScreen_Generation = YES;
				INFOPLIST_KEY_UISupportedInterfaceOrientations = UIInterfaceOrientationPortrait;
				INFOPLIST_KEY_UISupportedInterfaceOrientations_iPad = "UIInterfaceOrientationPortrait UIInterfaceOrientationPortraitUpsideDown";
				IPHONEOS_DEPLOYMENT_TARGET = 17.6;
				LD_RUNPATH_SEARCH_PATHS = (
					"$(inherited)",
					"@executable_path/Frameworks",
				);
				MARKETING_VERSION = 1.0.0;
				PRODUCT_BUNDLE_IDENTIFIER = com.ZANOCI.Paynext;
				PRODUCT_NAME = "$(TARGET_NAME)";
				SUPPORTED_PLATFORMS = "iphoneos iphonesimulator";
				SUPPORTS_MACCATALYST = NO;
				SUPPORTS_MAC_DESIGNED_FOR_IPHONE_IPAD = NO;
				SUPPORTS_XR_DESIGNED_FOR_IPHONE_IPAD = NO;
				SWIFT_EMIT_LOC_STRINGS = YES;
				SWIFT_VERSION = 5.0;
				TARGETED_DEVICE_FAMILY = "1,2";
			};
			name = Release;
		};
/* End XCBuildConfiguration section */

/* Begin XCConfigurationList section */
		423962592DCFD85800F32002 /* Build configuration list for PBXProject "Paynext" */ = {
			isa = XCConfigurationList;
			buildConfigurations = (
				4239626A2DCFD85900F32002 /* Debug */,
				4239626B2DCFD85900F32002 /* Release */,
			);
			defaultConfigurationIsVisible = 0;
			defaultConfigurationName = Release;
		};
		4239626C2DCFD85900F32002 /* Build configuration list for PBXNativeTarget "Paynext" */ = {
			isa = XCConfigurationList;
			buildConfigurations = (
				4239626D2DCFD85900F32002 /* Debug */,
				4239626E2DCFD85900F32002 /* Release */,
			);
			defaultConfigurationIsVisible = 0;
			defaultConfigurationName = Release;
		};
/* End XCConfigurationList section */

/* Begin XCSwiftPackageProductDependency section */
		4225EBB02DEB4DD500CC9C6A /* LoginDomain */ = {
			isa = XCSwiftPackageProductDependency;
			productName = LoginDomain;
		};
		4225EC932DF3636500CC9C6A /* PaymentPresentation */ = {
			isa = XCSwiftPackageProductDependency;
			productName = PaymentPresentation;
		};
		4243BB622DE1D4B500CA1504 /* Persistance */ = {
			isa = XCSwiftPackageProductDependency;
			productName = Persistance;
		};
		4243BB912DE7707900CA1504 /* LoginPresentation */ = {
			isa = XCSwiftPackageProductDependency;
			productName = LoginPresentation;
		};
		4253E5122E04850C0016EB8D /* Transaction */ = {
			isa = XCSwiftPackageProductDependency;
			productName = Transaction;
		};
		4278CA5A2DFB6180003C4010 /* SettingsPresentation */ = {
			isa = XCSwiftPackageProductDependency;
			productName = SettingsPresentation;
		};
		4278CA8B2DFC9FAA003C4010 /* SettingsDomain */ = {
			isa = XCSwiftPackageProductDependency;
			productName = SettingsDomain;
		};
		42A0D43C2DD6596200566812 /* NetworkClient */ = {
			isa = XCSwiftPackageProductDependency;
			productName = NetworkClient;
		};
		42A0D45A2DD7AA7100566812 /* DesignSystem */ = {
			isa = XCSwiftPackageProductDependency;
			productName = DesignSystem;
		};
		42A0D45C2DD7B66E00566812 /* UIComponents */ = {
			isa = XCSwiftPackageProductDependency;
			productName = UIComponents;
		};
		42B67F442E09C64700C98CB8 /* BiometricsAuth */ = {
			isa = XCSwiftPackageProductDependency;
			productName = BiometricsAuth;
		};
		42B80B372DFD5BCA000A486E /* DashboardPresentation */ = {
			isa = XCSwiftPackageProductDependency;
			productName = DashboardPresentation;
		};
		42BF1D062DF589170058C328 /* CredentialsValidator */ = {
			isa = XCSwiftPackageProductDependency;
			productName = CredentialsValidator;
		};
		42BF1D372DF5C58B0058C328 /* TransactionHistoryPresentation */ = {
			isa = XCSwiftPackageProductDependency;
			productName = TransactionHistoryPresentation;
		};
		42E9D8802E0720390041514D /* AuthenticationPresentation */ = {
			isa = XCSwiftPackageProductDependency;
			productName = AuthenticationPresentation;
		};
/* End XCSwiftPackageProductDependency section */
	};
	rootObject = 423962562DCFD85800F32002 /* Project object */;
}
